
Microsoft Visual Studio Solution File, Format Version 12.00
# Visual Studio 15
VisualStudioVersion = 15.0.27703.2000
MinimumVisualStudioVersion = 10.0.40219.1
Project("{FAE04EC0-301F-11D3-BF4B-00C04F79EFBC}") = "FunnyVolumn", "FunnyVolumn\FunnyVolumn.csproj", "{5FEC8033-332B-419A-9175-997C7A2D72B3}"
EndProject
Project("{FAE04EC0-301F-11D3-BF4B-00C04F79EFBC}") = "VolumnControler", "VolumnControler\VolumnControler.csproj", "{987477FF-E4EB-4F01-8AC4-E8C2ABD2413F}"
EndProject
Global
	GlobalSection(SolutionConfigurationPlatforms) = preSolution
		Debug|Any CPU = Debug|Any CPU
		Release|Any CPU = Release|Any CPU
	EndGlobalSection
	GlobalSection(ProjectConfigurationPlatforms) = postSolution
		{5FEC8033-332B-419A-9175-997C7A2D72B3}.Debug|Any CPU.ActiveCfg = Debug|Any CPU
		{5FEC8033-332B-419A-9175-997C7A2D72B3}.Debug|Any CPU.Build.0 = Debug|Any CPU
		{5FEC8033-332B-419A-9175-997C7A2D72B3}.Release|Any CPU.ActiveCfg = Release|Any CPU
		{5FEC8033-332B-419A-9175-997C7A2D72B3}.Release|Any CPU.Build.0 = Release|Any CPU
		{987477FF-E4EB-4F01-8AC4-E8C2ABD2413F}.Debug|Any CPU.ActiveCfg = Debug|Any CPU
		{987477FF-E4EB-4F01-8AC4-E8C2ABD2413F}.Debug|Any CPU.Build.0 = Debug|Any CPU
		{987477FF-E4EB-4F01-8AC4-E8C2ABD2413F}.Release|Any CPU.ActiveCfg = Release|Any CPU
		{987477FF-E4EB-4F01-8AC4-E8C2ABD2413F}.Release|Any CPU.Build.0 = Release|Any CPU
	EndGlobalSection
	GlobalSection(SolutionProperties) = preSolution
		HideSolutionNode = FALSE
	EndGlobalSection
	GlobalSection(ExtensibilityGlobals) = postSolution
		SolutionGuid = {B25ADCE7-A89E-49A4-A387-C1170FCB040A}
	EndGlobalSection
EndGlobal
